// !$*UTF8*$!
{
	archiveVersion = 1;
	classes = {
	};
	objectVersion = 46;
	objects = {

/* Begin PBXBuildFile section */
		08F2AFBD1C51FD8800B3C477 /* main.m in Sources */ = {isa = PBXBuildFile; fileRef = 08F2AFBC1C51FD8800B3C477 /* main.m */; };
		08F2AFC01C51FD8800B3C477 /* AppDelegate.m in Sources */ = {isa = PBXBuildFile; fileRef = 08F2AFBF1C51FD8800B3C477 /* AppDelegate.m */; };
		08F2AFC31C51FD8800B3C477 /* ViewController.m in Sources */ = {isa = PBXBuildFile; fileRef = 08F2AFC21C51FD8800B3C477 /* ViewController.m */; };
		08F2AFC61C51FD8800B3C477 /* Main.storyboard in Resources */ = {isa = PBXBuildFile; fileRef = 08F2AFC41C51FD8800B3C477 /* Main.storyboard */; };
		08F2AFC81C51FD8800B3C477 /* Assets.xcassets in Resources */ = {isa = PBXBuildFile; fileRef = 08F2AFC71C51FD8800B3C477 /* Assets.xcassets */; };
		08F2AFCB1C51FD8800B3C477 /* LaunchScreen.storyboard in Resources */ = {isa = PBXBuildFile; fileRef = 08F2AFC91C51FD8800B3C477 /* LaunchScreen.storyboard */; };
		08F2AFD61C51FD8800B3C477 /* KeyChainUseDemoTests.m in Sources */ = {isa = PBXBuildFile; fileRef = 08F2AFD51C51FD8800B3C477 /* KeyChainUseDemoTests.m */; };
		08F2AFE11C51FD8900B3C477 /* KeyChainUseDemoUITests.m in Sources */ = {isa = PBXBuildFile; fileRef = 08F2AFE01C51FD8900B3C477 /* KeyChainUseDemoUITests.m */; };
		08F2AFF51C5219E900B3C477 /* Security.framework in Frameworks */ = {isa = PBXBuildFile; fileRef = 08F2AFF41C5219E900B3C477 /* Security.framework */; };
/* End PBXBuildFile section */

/* Begin PBXContainerItemProxy section */
		08F2AFD21C51FD8800B3C477 /* PBXContainerItemProxy */ = {
			isa = PBXContainerItemProxy;
			containerPortal = 08F2AFB01C51FD8800B3C477 /* Project object */;
			proxyType = 1;
			remoteGlobalIDString = 08F2AFB71C51FD8800B3C477;
			remoteInfo = KeyChainUseDemo;
		};
		08F2AFDD1C51FD8900B3C477 /* PBXContainerItemProxy */ = {
			isa = PBXContainerItemProxy;
			containerPortal = 08F2AFB01C51FD8800B3C477 /* Project object */;
			proxyType = 1;
			remoteGlobalIDString = 08F2AFB71C51FD8800B3C477;
			remoteInfo = KeyChainUseDemo;
		};
/* End PBXContainerItemProxy section */

/* Begin PBXFileReference section */
		08F2AFB81C51FD8800B3C477 /* KeyChainUseDemo.app */ = {isa = PBXFileReference; explicitFileType = wrapper.application; includeInIndex = 0; path = KeyChainUseDemo.app; sourceTree = BUILT_PRODUCTS_DIR; };
		08F2AFBC1C51FD8800B3C477 /* main.m */ = {isa = PBXFileReference; lastKnownFileType = sourcecode.c.objc; path = main.m; sourceTree = "<group>"; };
		08F2AFBE1C51FD8800B3C477 /* AppDelegate.h */ = {isa = PBXFileReference; lastKnownFileType = sourcecode.c.h; path = AppDelegate.h; sourceTree = "<group>"; };
		08F2AFBF1C51FD8800B3C477 /* AppDelegate.m */ = {isa = PBXFileReference; lastKnownFileType = sourcecode.c.objc; path = AppDelegate.m; sourceTree = "<group>"; };
		08F2AFC11C51FD8800B3C477 /* ViewController.h */ = {isa = PBXFileReference; lastKnownFileType = sourcecode.c.h; path = ViewController.h; sourceTree = "<group>"; };
		08F2AFC21C51FD8800B3C477 /* ViewController.m */ = {isa = PBXFileReference; lastKnownFileType = sourcecode.c.objc; path = ViewController.m; sourceTree = "<group>"; };
		08F2AFC51C51FD8800B3C477 /* Base */ = {isa = PBXFileReference; lastKnownFileType = file.storyboard; name = Base; path = Base.lproj/Main.storyboard; sourceTree = "<group>"; };
		08F2AFC71C51FD8800B3C477 /* Assets.xcassets */ = {isa = PBXFileReference; lastKnownFileType = folder.assetcatalog; path = Assets.xcassets; sourceTree = "<group>"; };
		08F2AFCA1C51FD8800B3C477 /* Base */ = {isa = PBXFileReference; lastKnownFileType = file.storyboard; name = Base; path = Base.lproj/LaunchScreen.storyboard; sourceTree = "<group>"; };
		08F2AFCC1C51FD8800B3C477 /* Info.plist */ = {isa = PBXFileReference; lastKnownFileType = text.plist.xml; path = Info.plist; sourceTree = "<group>"; };
		08F2AFD11C51FD8800B3C477 /* KeyChainUseDemoTests.xctest */ = {isa = PBXFileReference; explicitFileType = wrapper.cfbundle; includeInIndex = 0; path = KeyChainUseDemoTests.xctest; sourceTree = BUILT_PRODUCTS_DIR; };
		08F2AFD51C51FD8800B3C477 /* KeyChainUseDemoTests.m */ = {isa = PBXFileReference; lastKnownFileType = sourcecode.c.objc; path = KeyChainUseDemoTests.m; sourceTree = "<group>"; };
		08F2AFD71C51FD8900B3C477 /* Info.plist */ = {isa = PBXFileReference; lastKnownFileType = text.plist.xml; path = Info.plist; sourceTree = "<group>"; };
		08F2AFDC1C51FD8900B3C477 /* KeyChainUseDemoUITests.xctest */ = {isa = PBXFileReference; explicitFileType = wrapper.cfbundle; includeInIndex = 0; path = KeyChainUseDemoUITests.xctest; sourceTree = BUILT_PRODUCTS_DIR; };
		08F2AFE01C51FD8900B3C477 /* KeyChainUseDemoUITests.m */ = {isa = PBXFileReference; lastKnownFileType = sourcecode.c.objc; path = KeyChainUseDemoUITests.m; sourceTree = "<group>"; };
		08F2AFE21C51FD8900B3C477 /* Info.plist */ = {isa = PBXFileReference; lastKnownFileType = text.plist.xml; path = Info.plist; sourceTree = "<group>"; };
		08F2AFF41C5219E900B3C477 /* Security.framework */ = {isa = PBXFileReference; lastKnownFileType = wrapper.framework; name = Security.framework; path = System/Library/Frameworks/Security.framework; sourceTree = SDKROOT; };
/* End PBXFileReference section */

/* Begin PBXFrameworksBuildPhase section */
		08F2AFB51C51FD8800B3C477 /* Frameworks */ = {
			isa = PBXFrameworksBuildPhase;
			buildActionMask = 2147483647;
			files = (
				08F2AFF51C5219E900B3C477 /* Security.framework in Frameworks */,
			);
			runOnlyForDeploymentPostprocessing = 0;
		};
		08F2AFCE1C51FD8800B3C477 /* Frameworks */ = {
			isa = PBXFrameworksBuildPhase;
			buildActionMask = 2147483647;
			files = (
			);
			runOnlyForDeploymentPostprocessing = 0;
		};
		08F2AFD91C51FD8900B3C477 /* Frameworks */ = {
			isa = PBXFrameworksBuildPhase;
			buildActionMask = 2147483647;
			files = (
			);
			runOnlyForDeploymentPostprocessing = 0;
		};
/* End PBXFrameworksBuildPhase section */

/* Begin PBXGroup section */
		08F2AFAF1C51FD8800B3C477 = {
			isa = PBXGroup;
			children = (
				08F2AFF41C5219E900B3C477 /* Security.framework */,
				08F2AFBA1C51FD8800B3C477 /* KeyChainUseDemo */,
				08F2AFD41C51FD8800B3C477 /* KeyChainUseDemoTests */,
				08F2AFDF1C51FD8900B3C477 /* KeyChainUseDemoUITests */,
				08F2AFB91C51FD8800B3C477 /* Products */,
			);
			sourceTree = "<group>";
		};
		08F2AFB91C51FD8800B3C477 /* Products */ = {
			isa = PBXGroup;
			children = (
				08F2AFB81C51FD8800B3C477 /* KeyChainUseDemo.app */,
				08F2AFD11C51FD8800B3C477 /* KeyChainUseDemoTests.xctest */,
				08F2AFDC1C51FD8900B3C477 /* KeyChainUseDemoUITests.xctest */,
			);
			name = Products;
			sourceTree = "<group>";
		};
		08F2AFBA1C51FD8800B3C477 /* KeyChainUseDemo */ = {
			isa = PBXGroup;
			children = (
				08F2AFBE1C51FD8800B3C477 /* AppDelegate.h */,
				08F2AFBF1C51FD8800B3C477 /* AppDelegate.m */,
				08F2AFC11C51FD8800B3C477 /* ViewController.h */,
				08F2AFC21C51FD8800B3C477 /* ViewController.m */,
				08F2AFC41C51FD8800B3C477 /* Main.storyboard */,
				08F2AFC71C51FD8800B3C477 /* Assets.xcassets */,
				08F2AFC91C51FD8800B3C477 /* LaunchScreen.storyboard */,
				08F2AFCC1C51FD8800B3C477 /* Info.plist */,
				08F2AFBB1C51FD8800B3C477 /* Supporting Files */,
			);
			path = KeyChainUseDemo;
			sourceTree = "<group>";
		};
		08F2AFBB1C51FD8800B3C477 /* Supporting Files */ = {
			isa = PBXGroup;
			children = (
				08F2AFBC1C51FD8800B3C477 /* main.m */,
			);
			name = "Supporting Files";
			sourceTree = "<group>";
		};
		08F2AFD41C51FD8800B3C477 /* KeyChainUseDemoTests */ = {
			isa = PBXGroup;
			children = (
				08F2AFD51C51FD8800B3C477 /* KeyChainUseDemoTests.m */,
				08F2AFD71C51FD8900B3C477 /* Info.plist */,
			);
			path = KeyChainUseDemoTests;
			sourceTree = "<group>";
		};
		08F2AFDF1C51FD8900B3C477 /* KeyChainUseDemoUITests */ = {
			isa = PBXGroup;
			children = (
				08F2AFE01C51FD8900B3C477 /* KeyChainUseDemoUITests.m */,
				08F2AFE21C51FD8900B3C477 /* Info.plist */,
			);
			path = KeyChainUseDemoUITests;
			sourceTree = "<group>";
		};
/* End PBXGroup section */

/* Begin PBXNativeTarget section */
		08F2AFB71C51FD8800B3C477 /* KeyChainUseDemo */ = {
			isa = PBXNativeTarget;
			buildConfigurationList = 08F2AFE51C51FD8900B3C477 /* Build configuration list for PBXNativeTarget "KeyChainUseDemo" */;
			buildPhases = (
				08F2AFB41C51FD8800B3C477 /* Sources */,
				08F2AFB51C51FD8800B3C477 /* Frameworks */,
				08F2AFB61C51FD8800B3C477 /* Resources */,
			);
			buildRules = (
			);
			dependencies = (
			);
			name = KeyChainUseDemo;
			productName = KeyChainUseDemo;
			productReference = 08F2AFB81C51FD8800B3C477 /* KeyChainUseDemo.app */;
			productType = "com.apple.product-type.application";
		};
		08F2AFD01C51FD8800B3C477 /* KeyChainUseDemoTests */ = {
			isa = PBXNativeTarget;
			buildConfigurationList = 08F2AFE81C51FD8900B3C477 /* Build configuration list for PBXNativeTarget "KeyChainUseDemoTests" */;
			buildPhases = (
				08F2AFCD1C51FD8800B3C477 /* Sources */,
				08F2AFCE1C51FD8800B3C477 /* Frameworks */,
				08F2AFCF1C51FD8800B3C477 /* Resources */,
			);
			buildRules = (
			);
			dependencies = (
				08F2AFD31C51FD8800B3C477 /* PBXTargetDependency */,
			);
			name = KeyChainUseDemoTests;
			productName = KeyChainUseDemoTests;
			productReference = 08F2AFD11C51FD8800B3C477 /* KeyChainUseDemoTests.xctest */;
			productType = "com.apple.product-type.bundle.unit-test";
		};
		08F2AFDB1C51FD8900B3C477 /* KeyChainUseDemoUITests */ = {
			isa = PBXNativeTarget;
			buildConfigurationList = 08F2AFEB1C51FD8900B3C477 /* Build configuration list for PBXNativeTarget "KeyChainUseDemoUITests" */;
			buildPhases = (
				08F2AFD81C51FD8900B3C477 /* Sources */,
				08F2AFD91C51FD8900B3C477 /* Frameworks */,
				08F2AFDA1C51FD8900B3C477 /* Resources */,
			);
			buildRules = (
			);
			dependencies = (
				08F2AFDE1C51FD8900B3C477 /* PBXTargetDependency */,
			);
			name = KeyChainUseDemoUITests;
			productName = KeyChainUseDemoUITests;
			productReference = 08F2AFDC1C51FD8900B3C477 /* KeyChainUseDemoUITests.xctest */;
			productType = "com.apple.product-type.bundle.ui-testing";
		};
/* End PBXNativeTarget section */

/* Begin PBXProject section */
		08F2AFB01C51FD8800B3C477 /* Project object */ = {
			isa = PBXProject;
			attributes = {
				LastUpgradeCheck = 0710;
				ORGANIZATIONNAME = jiangtd;
				TargetAttributes = {
					08F2AFB71C51FD8800B3C477 = {
						CreatedOnToolsVersion = 7.1.1;
						DevelopmentTeam = 6ZFZ89UGAB;
					};
					08F2AFD01C51FD8800B3C477 = {
						CreatedOnToolsVersion = 7.1.1;
						TestTargetID = 08F2AFB71C51FD8800B3C477;
					};
					08F2AFDB1C51FD8900B3C477 = {
						CreatedOnToolsVersion = 7.1.1;
						TestTargetID = 08F2AFB71C51FD8800B3C477;
					};
				};
			};
			buildConfigurationList = 08F2AFB31C51FD8800B3C477 /* Build configuration list for PBXProject "KeyChainUseDemo" */;
			compatibilityVersion = "Xcode 3.2";
			developmentRegion = English;
			hasScannedForEncodings = 0;
			knownRegions = (
				en,
				Base,
			);
			mainGroup = 08F2AFAF1C51FD8800B3C477;
			productRefGroup = 08F2AFB91C51FD8800B3C477 /* Products */;
			projectDirPath = "";
			projectRoot = "";
			targets = (
				08F2AFB71C51FD8800B3C477 /* KeyChainUseDemo */,
				08F2AFD01C51FD8800B3C477 /* KeyChainUseDemoTests */,
				08F2AFDB1C51FD8900B3C477 /* KeyChainUseDemoUITests */,
			);
		};
/* End PBXProject section */

/* Begin PBXResourcesBuildPhase section */
		08F2AFB61C51FD8800B3C477 /* Resources */ = {
			isa = PBXResourcesBuildPhase;
			buildActionMask = 2147483647;
			files = (
				08F2AFCB1C51FD8800B3C477 /* LaunchScreen.storyboard in Resources */,
				08F2AFC81C51FD8800B3C477 /* Assets.xcassets in Resources */,
				08F2AFC61C51FD8800B3C477 /* Main.storyboard in Resources */,
			);
			runOnlyForDeploymentPostprocessing = 0;
		};
		08F2AFCF1C51FD8800B3C477 /* Resources */ = {
			isa = PBXResourcesBuildPhase;
			buildActionMask = 2147483647;
			files = (
			);
			runOnlyForDeploymentPostprocessing = 0;
		};
		08F2AFDA1C51FD8900B3C477 /* Resources */ = {
			isa = PBXResourcesBuildPhase;
			buildActionMask = 2147483647;
			files = (
			);
			runOnlyForDeploymentPostprocessing = 0;
		};
/* End PBXResourcesBuildPhase section */

/* Begin PBXSourcesBuildPhase section */
		08F2AFB41C51FD8800B3C477 /* Sources */ = {
			isa = PBXSourcesBuildPhase;
			buildActionMask = 2147483647;
			files = (
				08F2AFC31C51FD8800B3C477 /* ViewController.m in Sources */,
				08F2AFC01C51FD8800B3C477 /* AppDelegate.m in Sources */,
				08F2AFBD1C51FD8800B3C477 /* main.m in Sources */,
			);
			runOnlyForDeploymentPostprocessing = 0;
		};
		08F2AFCD1C51FD8800B3C477 /* Sources */ = {
			isa = PBXSourcesBuildPhase;
			buildActionMask = 2147483647;
			files = (
				08F2AFD61C51FD8800B3C477 /* KeyChainUseDemoTests.m in Sources */,
			);
			runOnlyForDeploymentPostprocessing = 0;
		};
		08F2AFD81C51FD8900B3C477 /* Sources */ = {
			isa = PBXSourcesBuildPhase;
			buildActionMask = 2147483647;
			files = (
				08F2AFE11C51FD8900B3C477 /* KeyChainUseDemoUITests.m in Sources */,
			);
			runOnlyForDeploymentPostprocessing = 0;
		};
/* End PBXSourcesBuildPhase section */

/* Begin PBXTargetDependency section */
		08F2AFD31C51FD8800B3C477 /* PBXTargetDependency */ = {
			isa = PBXTargetDependency;
			target = 08F2AFB71C51FD8800B3C477 /* KeyChainUseDemo */;
			targetProxy = 08F2AFD21C51FD8800B3C477 /* PBXContainerItemProxy */;
		};
		08F2AFDE1C51FD8900B3C477 /* PBXTargetDependency */ = {
			isa = PBXTargetDependency;
			target = 08F2AFB71C51FD8800B3C477 /* KeyChainUseDemo */;
			targetProxy = 08F2AFDD1C51FD8900B3C477 /* PBXContainerItemProxy */;
		};
/* End PBXTargetDependency section */

/* Begin PBXVariantGroup section */
		08F2AFC41C51FD8800B3C477 /* Main.storyboard */ = {
			isa = PBXVariantGroup;
			children = (
				08F2AFC51C51FD8800B3C477 /* Base */,
			);
			name = Main.storyboard;
			sourceTree = "<group>";
		};
		08F2AFC91C51FD8800B3C477 /* LaunchScreen.storyboard */ = {
			isa = PBXVariantGroup;
			children = (
				08F2AFCA1C51FD8800B3C477 /* Base */,
			);
			name = LaunchScreen.storyboard;
			sourceTree = "<group>";
		};
/* End PBXVariantGroup section */

/* Begin XCBuildConfiguration section */
		08F2AFE31C51FD8900B3C477 /* Debug */ = {
			isa = XCBuildConfiguration;
			buildSettings = {
				ALWAYS_SEARCH_USER_PATHS = NO;
				CLANG_CXX_LANGUAGE_STANDARD = "gnu++0x";
				CLANG_CXX_LIBRARY = "libc++";
				CLANG_ENABLE_MODULES = YES;
				CLANG_ENABLE_OBJC_ARC = YES;
				CLANG_WARN_BOOL_CONVERSION = YES;
				CLANG_WARN_CONSTANT_CONVERSION = YES;
				CLANG_WARN_DIRECT_OBJC_ISA_USAGE = YES_ERROR;
				CLANG_WARN_EMPTY_BODY = YES;
				CLANG_WARN_ENUM_CONVERSION = YES;
				CLANG_WARN_INT_CONVERSION = YES;
				CLANG_WARN_OBJC_ROOT_CLASS = YES_ERROR;
				CLANG_WARN_UNREACHABLE_CODE = YES;
				CLANG_WARN__DUPLICATE_METHOD_MATCH = YES;
				"CODE_SIGN_IDENTITY[sdk=iphoneos*]" = "iPhone Developer";
				COPY_PHASE_STRIP = NO;
				DEBUG_INFORMATION_FORMAT = dwarf;
				ENABLE_STRICT_OBJC_MSGSEND = YES;
				ENABLE_TESTABILITY = YES;
				GCC_C_LANGUAGE_STANDARD = gnu99;
				GCC_DYNAMIC_NO_PIC = NO;
				GCC_NO_COMMON_BLOCKS = YES;
				GCC_OPTIMIZATION_LEVEL = 0;
				GCC_PREPROCESSOR_DEFINITIONS = (
					"DEBUG=1",
					"$(inherited)",
				);
				GCC_WARN_64_TO_32_BIT_CONVERSION = YES;
				GCC_WARN_ABOUT_RETURN_TYPE = YES_ERROR;
				GCC_WARN_UNDECLARED_SELECTOR = YES;
				GCC_WARN_UNINITIALIZED_AUTOS = YES_AGGRESSIVE;
				GCC_WARN_UNUSED_FUNCTION = YES;
				GCC_WARN_UNUSED_VARIABLE = YES;
				IPHONEOS_DEPLOYMENT_TARGET = 9.1;
				MTL_ENABLE_DEBUG_INFO = YES;
				ONLY_ACTIVE_ARCH = YES;
				SDKROOT = iphoneos;
			};
			name = Debug;
		};
		08F2AFE41C51FD8900B3C477 /* Release */ = {
			isa = XCBuildConfiguration;
			buildSettings = {
				ALWAYS_SEARCH_USER_PATHS = NO;
				CLANG_CXX_LANGUAGE_STANDARD = "gnu++0x";
				CLANG_CXX_LIBRARY = "libc++";
				CLANG_ENABLE_MODULES = YES;
				CLANG_ENABLE_OBJC_ARC = YES;
				CLANG_WARN_BOOL_CONVERSION = YES;
				CLANG_WARN_CONSTANT_CONVERSION = YES;
				CLANG_WARN_DIRECT_OBJC_ISA_USAGE = YES_ERROR;
				CLANG_WARN_EMPTY_BODY = YES;
				CLANG_WARN_ENUM_CONVERSION = YES;
				CLANG_WARN_INT_CONVERSION = YES;
				CLANG_WARN_OBJC_ROOT_CLASS = YES_ERROR;
				CLANG_WARN_UNREACHABLE_CODE = YES;
				CLANG_WARN__DUPLICATE_METHOD_MATCH = YES;
				"CODE_SIGN_IDENTITY[sdk=iphoneos*]" = "iPhone Developer";
				COPY_PHASE_STRIP = NO;
				DEBUG_INFORMATION_FORMAT = "dwarf-with-dsym";
				ENABLE_NS_ASSERTIONS = NO;
				ENABLE_STRICT_OBJC_MSGSEND = YES;
				GCC_C_LANGUAGE_STANDARD = gnu99;
				GCC_NO_COMMON_BLOCKS = YES;
				GCC_WARN_64_TO_32_BIT_CONVERSION = YES;
				GCC_WARN_ABOUT_RETURN_TYPE = YES_ERROR;
				GCC_WARN_UNDECLARED_SELECTOR = YES;
				GCC_WARN_UNINITIALIZED_AUTOS = YES_AGGRESSIVE;
				GCC_WARN_UNUSED_FUNCTION = YES;
				GCC_WARN_UNUSED_VARIABLE = YES;
				IPHONEOS_DEPLOYMENT_TARGET = 9.1;
				MTL_ENABLE_DEBUG_INFO = NO;
				SDKROOT = iphoneos;
				VALIDATE_PRODUCT = YES;
			};
			name = Release;
		};
		08F2AFE61C51FD8900B3C477 /* Debug */ = {
			isa = XCBuildConfiguration;
			buildSettings = {
				ASSETCATALOG_COMPILER_APPICON_NAME = AppIcon;
				CODE_SIGN_IDENTITY = "iPhone Developer: Li Xuan (46692UEGZB)";
				"CODE_SIGN_IDENTITY[sdk=iphoneos*]" = "iPhone Developer: Li Xuan (46692UEGZB)";
				INFOPLIST_FILE = KeyChainUseDemo/Info.plist;
				IPHONEOS_DEPLOYMENT_TARGET = 7.1;
				LD_RUNPATH_SEARCH_PATHS = "$(inherited) @executable_path/Frameworks";
				PRODUCT_BUNDLE_IDENTIFIER = com.jtd.KeyChainUsePro;
				PRODUCT_NAME = "$(TARGET_NAME)";
				PROVISIONING_PROFILE = "5bf98dfe-2b0c-4c71-80ca-7fe493362eec";
			};
			name = Debug;
		};
		08F2AFE71C51FD8900B3C477 /* Release */ = {
			isa = XCBuildConfiguration;
			buildSettings = {
				ASSETCATALOG_COMPILER_APPICON_NAME = AppIcon;
				CODE_SIGN_IDENTITY = "iPhone Developer: Li Xuan (46692UEGZB)";
				"CODE_SIGN_IDENTITY[sdk=iphoneos*]" = "iPhone Developer: Li Xuan (46692UEGZB)";
				INFOPLIST_FILE = KeyChainUseDemo/Info.plist;
				IPHONEOS_DEPLOYMENT_TARGET = 7.1;
				LD_RUNPATH_SEARCH_PATHS = "$(inherited) @executable_path/Frameworks";
				PRODUCT_BUNDLE_IDENTIFIER = com.jtd.KeyChainUsePro;
				PRODUCT_NAME = "$(TARGET_NAME)";
				PROVISIONING_PROFILE = "5bf98dfe-2b0c-4c71-80ca-7fe493362eec";
			};
			name = Release;
		};
		08F2AFE91C51FD8900B3C477 /* Debug */ = {
			isa = XCBuildConfiguration;
			buildSettings = {
				BUNDLE_LOADER = "$(TEST_HOST)";
				INFOPLIST_FILE = KeyChainUseDemoTests/Info.plist;
				LD_RUNPATH_SEARCH_PATHS = "$(inherited) @executable_path/Frameworks @loader_path/Frameworks";
				PRODUCT_BUNDLE_IDENTIFIER = j.t.d.KeyChainUseDemoTests;
				PRODUCT_NAME = "$(TARGET_NAME)";
				TEST_HOST = "$(BUILT_PRODUCTS_DIR)/KeyChainUseDemo.app/KeyChainUseDemo";
			};
			name = Debug;
		};
		08F2AFEA1C51FD8900B3C477 /* Release */ = {
			isa = XCBuildConfiguration;
			buildSettings = {
				BUNDLE_LOADER = "$(TEST_HOST)";
				INFOPLIST_FILE = KeyChainUseDemoTests/Info.plist;
				LD_RUNPATH_SEARCH_PATHS = "$(inherited) @executable_path/Frameworks @loader_path/Frameworks";
				PRODUCT_BUNDLE_IDENTIFIER = j.t.d.KeyChainUseDemoTests;
				PRODUCT_NAME = "$(TARGET_NAME)";
				TEST_HOST = "$(BUILT_PRODUCTS_DIR)/KeyChainUseDemo.app/KeyChainUseDemo";
			};
			name = Release;
		};
		08F2AFEC1C51FD8900B3C477 /* Debug */ = {
			isa = XCBuildConfiguration;
			buildSettings = {
				INFOPLIST_FILE = KeyChainUseDemoUITests/Info.plist;
				LD_RUNPATH_SEARCH_PATHS = "$(inherited) @executable_path/Frameworks @loader_path/Frameworks";
				PRODUCT_BUNDLE_IDENTIFIER = j.t.d.KeyChainUseDemoUITests;
				PRODUCT_NAME = "$(TARGET_NAME)";
				TEST_TARGET_NAME = KeyChainUseDemo;
				USES_XCTRUNNER = YES;
			};
			name = Debug;
		};
		08F2AFED1C51FD8900B3C477 /* Release */ = {
			isa = XCBuildConfiguration;
			buildSettings = {
				INFOPLIST_FILE = KeyChainUseDemoUITests/Info.plist;
				LD_RUNPATH_SEARCH_PATHS = "$(inherited) @executable_path/Frameworks @loader_path/Frameworks";
				PRODUCT_BUNDLE_IDENTIFIER = j.t.d.KeyChainUseDemoUITests;
				PRODUCT_NAME = "$(TARGET_NAME)";
				TEST_TARGET_NAME = KeyChainUseDemo;
				USES_XCTRUNNER = YES;
			};
			name = Release;
		};
/* End XCBuildConfiguration section */

/* Begin XCConfigurationList section */
		08F2AFB31C51FD8800B3C477 /* Build configuration list for PBXProject "KeyChainUseDemo" */ = {
			isa = XCConfigurationList;
			buildConfigurations = (
				08F2AFE31C51FD8900B3C477 /* Debug */,
				08F2AFE41C51FD8900B3C477 /* Release */,
			);
			defaultConfigurationIsVisible = 0;
			defaultConfigurationName = Release;
		};
		08F2AFE51C51FD8900B3C477 /* Build configuration list for PBXNativeTarget "KeyChainUseDemo" */ = {
			isa = XCConfigurationList;
			buildConfigurations = (
				08F2AFE61C51FD8900B3C477 /* Debug */,
				08F2AFE71C51FD8900B3C477 /* Release */,
			);
			defaultConfigurationIsVisible = 0;
			defaultConfigurationName = Release;
		};
		08F2AFE81C51FD8900B3C477 /* Build configuration list for PBXNativeTarget "KeyChainUseDemoTests" */ = {
			isa = XCConfigurationList;
			buildConfigurations = (
				08F2AFE91C51FD8900B3C477 /* Debug */,
				08F2AFEA1C51FD8900B3C477 /* Release */,
			);
			defaultConfigurationIsVisible = 0;
			defaultConfigurationName = Release;
		};
		08F2AFEB1C51FD8900B3C477 /* Build configuration list for PBXNativeTarget "KeyChainUseDemoUITests" */ = {
			isa = XCConfigurationList;
			buildConfigurations = (
				08F2AFEC1C51FD8900B3C477 /* Debug */,
				08F2AFED1C51FD8900B3C477 /* Release */,
			);
			defaultConfigurationIsVisible = 0;
			defaultConfigurationName = Release;
		};
/* End XCConfigurationList section */
	};
	rootObject = 08F2AFB01C51FD8800B3C477 /* Project object */;
}
